// !$*UTF8*$!
{
	archiveVersion = 1;
	classes = {
	};
	objectVersion = 56;
	objects = {

/* Begin PBXBuildFile section */
		DF56479A29CD9140004449F8 /* TipCalculatorApp.swift in Sources */ = {isa = PBXBuildFile; fileRef = DF56479929CD9140004449F8 /* TipCalculatorApp.swift */; };
		DF56479C29CD9140004449F8 /* ContentView.swift in Sources */ = {isa = PBXBuildFile; fileRef = DF56479B29CD9140004449F8 /* ContentView.swift */; };
		DF56479E29CD9141004449F8 /* Assets.xcassets in Resources */ = {isa = PBXBuildFile; fileRef = DF56479D29CD9141004449F8 /* Assets.xcassets */; };
		DF5647A129CD9141004449F8 /* Preview Assets.xcassets in Resources */ = {isa = PBXBuildFile; fileRef = DF5647A029CD9141004449F8 /* Preview Assets.xcassets */; };
		DF5647AB29CD9142004449F8 /* TipCalculatorTests.swift in Sources */ = {isa = PBXBuildFile; fileRef = DF5647AA29CD9142004449F8 /* TipCalculatorTests.swift */; };
		DF5647B529CD9142004449F8 /* TipCalculatorUITests.swift in Sources */ = {isa = PBXBuildFile; fileRef = DF5647B429CD9142004449F8 /* TipCalculatorUITests.swift */; };
		DF5647B729CD9142004449F8 /* TipCalculatorUITestsLaunchTests.swift in Sources */ = {isa = PBXBuildFile; fileRef = DF5647B629CD9142004449F8 /* TipCalculatorUITestsLaunchTests.swift */; };
		DF5647CA29CE48A0004449F8 /* WidgetKit.framework in Frameworks */ = {isa = PBXBuildFile; fileRef = DF5647C929CE48A0004449F8 /* WidgetKit.framework */; };
		DF5647CC29CE48A0004449F8 /* SwiftUI.framework in Frameworks */ = {isa = PBXBuildFile; fileRef = DF5647CB29CE48A0004449F8 /* SwiftUI.framework */; };
		DF5647CF29CE48A0004449F8 /* LatestTipBundle.swift in Sources */ = {isa = PBXBuildFile; fileRef = DF5647CE29CE48A0004449F8 /* LatestTipBundle.swift */; };
		DF5647D129CE48A0004449F8 /* LatestTipLiveActivity.swift in Sources */ = {isa = PBXBuildFile; fileRef = DF5647D029CE48A0004449F8 /* LatestTipLiveActivity.swift */; };
		DF5647D329CE48A0004449F8 /* LatestTip.swift in Sources */ = {isa = PBXBuildFile; fileRef = DF5647D229CE48A0004449F8 /* LatestTip.swift */; };
		DF5647D529CE48A1004449F8 /* Assets.xcassets in Resources */ = {isa = PBXBuildFile; fileRef = DF5647D429CE48A1004449F8 /* Assets.xcassets */; };
		DF5647D929CE48A1004449F8 /* LatestTipExtension.appex in Embed Foundation Extensions */ = {isa = PBXBuildFile; fileRef = DF5647C729CE48A0004449F8 /* LatestTipExtension.appex */; settings = {ATTRIBUTES = (RemoveHeadersOnCopy, ); }; };
/* End PBXBuildFile section */

/* Begin PBXContainerItemProxy section */
		DF5647A729CD9141004449F8 /* PBXContainerItemProxy */ = {
			isa = PBXContainerItemProxy;
			containerPortal = DF56478E29CD9140004449F8 /* Project object */;
			proxyType = 1;
			remoteGlobalIDString = DF56479529CD9140004449F8;
			remoteInfo = TipCalculator;
		};
		DF5647B129CD9142004449F8 /* PBXContainerItemProxy */ = {
			isa = PBXContainerItemProxy;
			containerPortal = DF56478E29CD9140004449F8 /* Project object */;
			proxyType = 1;
			remoteGlobalIDString = DF56479529CD9140004449F8;
			remoteInfo = TipCalculator;
		};
		DF5647D729CE48A1004449F8 /* PBXContainerItemProxy */ = {
			isa = PBXContainerItemProxy;
			containerPortal = DF56478E29CD9140004449F8 /* Project object */;
			proxyType = 1;
			remoteGlobalIDString = DF5647C629CE48A0004449F8;
			remoteInfo = LatestTipExtension;
		};
/* End PBXContainerItemProxy section */

/* Begin PBXCopyFilesBuildPhase section */
		DF5647DA29CE48A1004449F8 /* Embed Foundation Extensions */ = {
			isa = PBXCopyFilesBuildPhase;
			buildActionMask = 2147483647;
			dstPath = "";
			dstSubfolderSpec = 13;
			files = (
				DF5647D929CE48A1004449F8 /* LatestTipExtension.appex in Embed Foundation Extensions */,
			);
			name = "Embed Foundation Extensions";
			runOnlyForDeploymentPostprocessing = 0;
		};
/* End PBXCopyFilesBuildPhase section */

/* Begin PBXFileReference section */
		DF56479629CD9140004449F8 /* TipCalculator.app */ = {isa = PBXFileReference; explicitFileType = wrapper.application; includeInIndex = 0; path = TipCalculator.app; sourceTree = BUILT_PRODUCTS_DIR; };
		DF56479929CD9140004449F8 /* TipCalculatorApp.swift */ = {isa = PBXFileReference; lastKnownFileType = sourcecode.swift; path = TipCalculatorApp.swift; sourceTree = "<group>"; };
		DF56479B29CD9140004449F8 /* ContentView.swift */ = {isa = PBXFileReference; lastKnownFileType = sourcecode.swift; path = ContentView.swift; sourceTree = "<group>"; };
		DF56479D29CD9141004449F8 /* Assets.xcassets */ = {isa = PBXFileReference; lastKnownFileType = folder.assetcatalog; path = Assets.xcassets; sourceTree = "<group>"; };
		DF5647A029CD9141004449F8 /* Preview Assets.xcassets */ = {isa = PBXFileReference; lastKnownFileType = folder.assetcatalog; path = "Preview Assets.xcassets"; sourceTree = "<group>"; };
		DF5647A629CD9141004449F8 /* TipCalculatorTests.xctest */ = {isa = PBXFileReference; explicitFileType = wrapper.cfbundle; includeInIndex = 0; path = TipCalculatorTests.xctest; sourceTree = BUILT_PRODUCTS_DIR; };
		DF5647AA29CD9142004449F8 /* TipCalculatorTests.swift */ = {isa = PBXFileReference; lastKnownFileType = sourcecode.swift; path = TipCalculatorTests.swift; sourceTree = "<group>"; };
		DF5647B029CD9142004449F8 /* TipCalculatorUITests.xctest */ = {isa = PBXFileReference; explicitFileType = wrapper.cfbundle; includeInIndex = 0; path = TipCalculatorUITests.xctest; sourceTree = BUILT_PRODUCTS_DIR; };
		DF5647B429CD9142004449F8 /* TipCalculatorUITests.swift */ = {isa = PBXFileReference; lastKnownFileType = sourcecode.swift; path = TipCalculatorUITests.swift; sourceTree = "<group>"; };
		DF5647B629CD9142004449F8 /* TipCalculatorUITestsLaunchTests.swift */ = {isa = PBXFileReference; lastKnownFileType = sourcecode.swift; path = TipCalculatorUITestsLaunchTests.swift; sourceTree = "<group>"; };
		DF5647C729CE48A0004449F8 /* LatestTipExtension.appex */ = {isa = PBXFileReference; explicitFileType = "wrapper.app-extension"; includeInIndex = 0; path = LatestTipExtension.appex; sourceTree = BUILT_PRODUCTS_DIR; };
		DF5647C929CE48A0004449F8 /* WidgetKit.framework */ = {isa = PBXFileReference; lastKnownFileType = wrapper.framework; name = WidgetKit.framework; path = System/Library/Frameworks/WidgetKit.framework; sourceTree = SDKROOT; };
		DF5647CB29CE48A0004449F8 /* SwiftUI.framework */ = {isa = PBXFileReference; lastKnownFileType = wrapper.framework; name = SwiftUI.framework; path = System/Library/Frameworks/SwiftUI.framework; sourceTree = SDKROOT; };
		DF5647CE29CE48A0004449F8 /* LatestTipBundle.swift */ = {isa = PBXFileReference; lastKnownFileType = sourcecode.swift; path = LatestTipBundle.swift; sourceTree = "<group>"; };
		DF5647D029CE48A0004449F8 /* LatestTipLiveActivity.swift */ = {isa = PBXFileReference; lastKnownFileType = sourcecode.swift; path = LatestTipLiveActivity.swift; sourceTree = "<group>"; };
		DF5647D229CE48A0004449F8 /* LatestTip.swift */ = {isa = PBXFileReference; lastKnownFileType = sourcecode.swift; path = LatestTip.swift; sourceTree = "<group>"; };
		DF5647D429CE48A1004449F8 /* Assets.xcassets */ = {isa = PBXFileReference; lastKnownFileType = folder.assetcatalog; path = Assets.xcassets; sourceTree = "<group>"; };
		DF5647D629CE48A1004449F8 /* Info.plist */ = {isa = PBXFileReference; lastKnownFileType = text.plist.xml; path = Info.plist; sourceTree = "<group>"; };
/* End PBXFileReference section */

/* Begin PBXFrameworksBuildPhase section */
		DF56479329CD9140004449F8 /* Frameworks */ = {
			isa = PBXFrameworksBuildPhase;
			buildActionMask = 2147483647;
			files = (
			);
			runOnlyForDeploymentPostprocessing = 0;
		};
		DF5647A329CD9141004449F8 /* Frameworks */ = {
			isa = PBXFrameworksBuildPhase;
			buildActionMask = 2147483647;
			files = (
			);
			runOnlyForDeploymentPostprocessing = 0;
		};
		DF5647AD29CD9142004449F8 /* Frameworks */ = {
			isa = PBXFrameworksBuildPhase;
			buildActionMask = 2147483647;
			files = (
			);
			runOnlyForDeploymentPostprocessing = 0;
		};
		DF5647C429CE48A0004449F8 /* Frameworks */ = {
			isa = PBXFrameworksBuildPhase;
			buildActionMask = 2147483647;
			files = (
				DF5647CC29CE48A0004449F8 /* SwiftUI.framework in Frameworks */,
				DF5647CA29CE48A0004449F8 /* WidgetKit.framework in Frameworks */,
			);
			runOnlyForDeploymentPostprocessing = 0;
		};
/* End PBXFrameworksBuildPhase section */

/* Begin PBXGroup section */
		DF56478D29CD9140004449F8 = {
			isa = PBXGroup;
			children = (
				DF56479829CD9140004449F8 /* TipCalculator */,
				DF5647A929CD9142004449F8 /* TipCalculatorTests */,
				DF5647B329CD9142004449F8 /* TipCalculatorUITests */,
				DF5647CD29CE48A0004449F8 /* LatestTip */,
				DF5647C829CE48A0004449F8 /* Frameworks */,
				DF56479729CD9140004449F8 /* Products */,
			);
			sourceTree = "<group>";
		};
		DF56479729CD9140004449F8 /* Products */ = {
			isa = PBXGroup;
			children = (
				DF56479629CD9140004449F8 /* TipCalculator.app */,
				DF5647A629CD9141004449F8 /* TipCalculatorTests.xctest */,
				DF5647B029CD9142004449F8 /* TipCalculatorUITests.xctest */,
				DF5647C729CE48A0004449F8 /* LatestTipExtension.appex */,
			);
			name = Products;
			sourceTree = "<group>";
		};
		DF56479829CD9140004449F8 /* TipCalculator */ = {
			isa = PBXGroup;
			children = (
				DF56479929CD9140004449F8 /* TipCalculatorApp.swift */,
				DF56479B29CD9140004449F8 /* ContentView.swift */,
				DF56479D29CD9141004449F8 /* Assets.xcassets */,
				DF56479F29CD9141004449F8 /* Preview Content */,
			);
			path = TipCalculator;
			sourceTree = "<group>";
		};
		DF56479F29CD9141004449F8 /* Preview Content */ = {
			isa = PBXGroup;
			children = (
				DF5647A029CD9141004449F8 /* Preview Assets.xcassets */,
			);
			path = "Preview Content";
			sourceTree = "<group>";
		};
		DF5647A929CD9142004449F8 /* TipCalculatorTests */ = {
			isa = PBXGroup;
			children = (
				DF5647AA29CD9142004449F8 /* TipCalculatorTests.swift */,
			);
			path = TipCalculatorTests;
			sourceTree = "<group>";
		};
		DF5647B329CD9142004449F8 /* TipCalculatorUITests */ = {
			isa = PBXGroup;
			children = (
				DF5647B429CD9142004449F8 /* TipCalculatorUITests.swift */,
				DF5647B629CD9142004449F8 /* TipCalculatorUITestsLaunchTests.swift */,
			);
			path = TipCalculatorUITests;
			sourceTree = "<group>";
		};
		DF5647C829CE48A0004449F8 /* Frameworks */ = {
			isa = PBXGroup;
			children = (
				DF5647C929CE48A0004449F8 /* WidgetKit.framework */,
				DF5647CB29CE48A0004449F8 /* SwiftUI.framework */,
			);
			name = Frameworks;
			sourceTree = "<group>";
		};
		DF5647CD29CE48A0004449F8 /* LatestTip */ = {
			isa = PBXGroup;
			children = (
				DF5647CE29CE48A0004449F8 /* LatestTipBundle.swift */,
				DF5647D029CE48A0004449F8 /* LatestTipLiveActivity.swift */,
				DF5647D229CE48A0004449F8 /* LatestTip.swift */,
				DF5647D429CE48A1004449F8 /* Assets.xcassets */,
				DF5647D629CE48A1004449F8 /* Info.plist */,
			);
			path = LatestTip;
			sourceTree = "<group>";
		};
/* End PBXGroup section */

/* Begin PBXNativeTarget section */
		DF56479529CD9140004449F8 /* TipCalculator */ = {
			isa = PBXNativeTarget;
			buildConfigurationList = DF5647BA29CD9142004449F8 /* Build configuration list for PBXNativeTarget "TipCalculator" */;
			buildPhases = (
				DF56479229CD9140004449F8 /* Sources */,
				DF56479329CD9140004449F8 /* Frameworks */,
				DF56479429CD9140004449F8 /* Resources */,
				DF5647DA29CE48A1004449F8 /* Embed Foundation Extensions */,
			);
			buildRules = (
			);
			dependencies = (
				DF5647D829CE48A1004449F8 /* PBXTargetDependency */,
			);
			name = TipCalculator;
			productName = TipCalculator;
			productReference = DF56479629CD9140004449F8 /* TipCalculator.app */;
			productType = "com.apple.product-type.application";
		};
		DF5647A529CD9141004449F8 /* TipCalculatorTests */ = {
			isa = PBXNativeTarget;
			buildConfigurationList = DF5647BD29CD9142004449F8 /* Build configuration list for PBXNativeTarget "TipCalculatorTests" */;
			buildPhases = (
				DF5647A229CD9141004449F8 /* Sources */,
				DF5647A329CD9141004449F8 /* Frameworks */,
				DF5647A429CD9141004449F8 /* Resources */,
			);
			buildRules = (
			);
			dependencies = (
				DF5647A829CD9141004449F8 /* PBXTargetDependency */,
			);
			name = TipCalculatorTests;
			productName = TipCalculatorTests;
			productReference = DF5647A629CD9141004449F8 /* TipCalculatorTests.xctest */;
			productType = "com.apple.product-type.bundle.unit-test";
		};
		DF5647AF29CD9142004449F8 /* TipCalculatorUITests */ = {
			isa = PBXNativeTarget;
			buildConfigurationList = DF5647C029CD9142004449F8 /* Build configuration list for PBXNativeTarget "TipCalculatorUITests" */;
			buildPhases = (
				DF5647AC29CD9142004449F8 /* Sources */,
				DF5647AD29CD9142004449F8 /* Frameworks */,
				DF5647AE29CD9142004449F8 /* Resources */,
			);
			buildRules = (
			);
			dependencies = (
				DF5647B229CD9142004449F8 /* PBXTargetDependency */,
			);
			name = TipCalculatorUITests;
			productName = TipCalculatorUITests;
			productReference = DF5647B029CD9142004449F8 /* TipCalculatorUITests.xctest */;
			productType = "com.apple.product-type.bundle.ui-testing";
		};
		DF5647C629CE48A0004449F8 /* LatestTipExtension */ = {
			isa = PBXNativeTarget;
			buildConfigurationList = DF5647DD29CE48A1004449F8 /* Build configuration list for PBXNativeTarget "LatestTipExtension" */;
			buildPhases = (
				DF5647C329CE48A0004449F8 /* Sources */,
				DF5647C429CE48A0004449F8 /* Frameworks */,
				DF5647C529CE48A0004449F8 /* Resources */,
			);
			buildRules = (
			);
			dependencies = (
			);
			name = LatestTipExtension;
			productName = LatestTipExtension;
			productReference = DF5647C729CE48A0004449F8 /* LatestTipExtension.appex */;
			productType = "com.apple.product-type.app-extension";
		};
/* End PBXNativeTarget section */

/* Begin PBXProject section */
		DF56478E29CD9140004449F8 /* Project object */ = {
			isa = PBXProject;
			attributes = {
				BuildIndependentTargetsInParallel = 1;
				LastSwiftUpdateCheck = 1420;
				LastUpgradeCheck = 1420;
				TargetAttributes = {
					DF56479529CD9140004449F8 = {
						CreatedOnToolsVersion = 14.2;
					};
					DF5647A529CD9141004449F8 = {
						CreatedOnToolsVersion = 14.2;
						TestTargetID = DF56479529CD9140004449F8;
					};
					DF5647AF29CD9142004449F8 = {
						CreatedOnToolsVersion = 14.2;
						TestTargetID = DF56479529CD9140004449F8;
					};
					DF5647C629CE48A0004449F8 = {
						CreatedOnToolsVersion = 14.2;
					};
				};
			};
			buildConfigurationList = DF56479129CD9140004449F8 /* Build configuration list for PBXProject "TipCalculator" */;
			compatibilityVersion = "Xcode 14.0";
			developmentRegion = en;
			hasScannedForEncodings = 0;
			knownRegions = (
				en,
				Base,
			);
			mainGroup = DF56478D29CD9140004449F8;
			productRefGroup = DF56479729CD9140004449F8 /* Products */;
			projectDirPath = "";
			projectRoot = "";
			targets = (
				DF56479529CD9140004449F8 /* TipCalculator */,
				DF5647A529CD9141004449F8 /* TipCalculatorTests */,
				DF5647AF29CD9142004449F8 /* TipCalculatorUITests */,
				DF5647C629CE48A0004449F8 /* LatestTipExtension */,
			);
		};
/* End PBXProject section */

/* Begin PBXResourcesBuildPhase section */
		DF56479429CD9140004449F8 /* Resources */ = {
			isa = PBXResourcesBuildPhase;
			buildActionMask = 2147483647;
			files = (
				DF5647A129CD9141004449F8 /* Preview Assets.xcassets in Resources */,
				DF56479E29CD9141004449F8 /* Assets.xcassets in Resources */,
			);
			runOnlyForDeploymentPostprocessing = 0;
		};
		DF5647A429CD9141004449F8 /* Resources */ = {
			isa = PBXResourcesBuildPhase;
			buildActionMask = 2147483647;
			files = (
			);
			runOnlyForDeploymentPostprocessing = 0;
		};
		DF5647AE29CD9142004449F8 /* Resources */ = {
			isa = PBXResourcesBuildPhase;
			buildActionMask = 2147483647;
			files = (
			);
			runOnlyForDeploymentPostprocessing = 0;
		};
		DF5647C529CE48A0004449F8 /* Resources */ = {
			isa = PBXResourcesBuildPhase;
			buildActionMask = 2147483647;
			files = (
				DF5647D529CE48A1004449F8 /* Assets.xcassets in Resources */,
			);
			runOnlyForDeploymentPostprocessing = 0;
		};
/* End PBXResourcesBuildPhase section */

/* Begin PBXSourcesBuildPhase section */
		DF56479229CD9140004449F8 /* Sources */ = {
			isa = PBXSourcesBuildPhase;
			buildActionMask = 2147483647;
			files = (
				DF56479C29CD9140004449F8 /* ContentView.swift in Sources */,
				DF56479A29CD9140004449F8 /* TipCalculatorApp.swift in Sources */,
			);
			runOnlyForDeploymentPostprocessing = 0;
		};
		DF5647A229CD9141004449F8 /* Sources */ = {
			isa = PBXSourcesBuildPhase;
			buildActionMask = 2147483647;
			files = (
				DF5647AB29CD9142004449F8 /* TipCalculatorTests.swift in Sources */,
			);
			runOnlyForDeploymentPostprocessing = 0;
		};
		DF5647AC29CD9142004449F8 /* Sources */ = {
			isa = PBXSourcesBuildPhase;
			buildActionMask = 2147483647;
			files = (
				DF5647B729CD9142004449F8 /* TipCalculatorUITestsLaunchTests.swift in Sources */,
				DF5647B529CD9142004449F8 /* TipCalculatorUITests.swift in Sources */,
			);
			runOnlyForDeploymentPostprocessing = 0;
		};
		DF5647C329CE48A0004449F8 /* Sources */ = {
			isa = PBXSourcesBuildPhase;
			buildActionMask = 2147483647;
			files = (
				DF5647CF29CE48A0004449F8 /* LatestTipBundle.swift in Sources */,
				DF5647D329CE48A0004449F8 /* LatestTip.swift in Sources */,
				DF5647D129CE48A0004449F8 /* LatestTipLiveActivity.swift in Sources */,
			);
			runOnlyForDeploymentPostprocessing = 0;
		};
/* End PBXSourcesBuildPhase section */

/* Begin PBXTargetDependency section */
		DF5647A829CD9141004449F8 /* PBXTargetDependency */ = {
			isa = PBXTargetDependency;
			target = DF56479529CD9140004449F8 /* TipCalculator */;
			targetProxy = DF5647A729CD9141004449F8 /* PBXContainerItemProxy */;
		};
		DF5647B229CD9142004449F8 /* PBXTargetDependency */ = {
			isa = PBXTargetDependency;
			target = DF56479529CD9140004449F8 /* TipCalculator */;
			targetProxy = DF5647B129CD9142004449F8 /* PBXContainerItemProxy */;
		};
		DF5647D829CE48A1004449F8 /* PBXTargetDependency */ = {
			isa = PBXTargetDependency;
			target = DF5647C629CE48A0004449F8 /* LatestTipExtension */;
			targetProxy = DF5647D729CE48A1004449F8 /* PBXContainerItemProxy */;
		};
/* End PBXTargetDependency section */

/* Begin XCBuildConfiguration section */
		DF5647B829CD9142004449F8 /* Debug */ = {
			isa = XCBuildConfiguration;
			buildSettings = {
				ALWAYS_SEARCH_USER_PATHS = NO;
				CLANG_ANALYZER_NONNULL = YES;
				CLANG_ANALYZER_NUMBER_OBJECT_CONVERSION = YES_AGGRESSIVE;
				CLANG_CXX_LANGUAGE_STANDARD = "gnu++20";
				CLANG_ENABLE_MODULES = YES;
				CLANG_ENABLE_OBJC_ARC = YES;
				CLANG_ENABLE_OBJC_WEAK = YES;
				CLANG_WARN_BLOCK_CAPTURE_AUTORELEASING = YES;
				CLANG_WARN_BOOL_CONVERSION = YES;
				CLANG_WARN_COMMA = YES;
				CLANG_WARN_CONSTANT_CONVERSION = YES;
				CLANG_WARN_DEPRECATED_OBJC_IMPLEMENTATIONS = YES;
				CLANG_WARN_DIRECT_OBJC_ISA_USAGE = YES_ERROR;
				CLANG_WARN_DOCUMENTATION_COMMENTS = YES;
				CLANG_WARN_EMPTY_BODY = YES;
				CLANG_WARN_ENUM_CONVERSION = YES;
				CLANG_WARN_INFINITE_RECURSION = YES;
				CLANG_WARN_INT_CONVERSION = YES;
				CLANG_WARN_NON_LITERAL_NULL_CONVERSION = YES;
				CLANG_WARN_OBJC_IMPLICIT_RETAIN_SELF = YES;
				CLANG_WARN_OBJC_LITERAL_CONVERSION = YES;
				CLANG_WARN_OBJC_ROOT_CLASS = YES_ERROR;
				CLANG_WARN_QUOTED_INCLUDE_IN_FRAMEWORK_HEADER = YES;
				CLANG_WARN_RANGE_LOOP_ANALYSIS = YES;
				CLANG_WARN_STRICT_PROTOTYPES = YES;
				CLANG_WARN_SUSPICIOUS_MOVE = YES;
				CLANG_WARN_UNGUARDED_AVAILABILITY = YES_AGGRESSIVE;
				CLANG_WARN_UNREACHABLE_CODE = YES;
				CLANG_WARN__DUPLICATE_METHOD_MATCH = YES;
				COPY_PHASE_STRIP = NO;
				DEBUG_INFORMATION_FORMAT = dwarf;
				ENABLE_STRICT_OBJC_MSGSEND = YES;
				ENABLE_TESTABILITY = YES;
				GCC_C_LANGUAGE_STANDARD = gnu11;
				GCC_DYNAMIC_NO_PIC = NO;
				GCC_NO_COMMON_BLOCKS = YES;
				GCC_OPTIMIZATION_LEVEL = 0;
				GCC_PREPROCESSOR_DEFINITIONS = (
					"DEBUG=1",
					"$(inherited)",
				);
				GCC_WARN_64_TO_32_BIT_CONVERSION = YES;
				GCC_WARN_ABOUT_RETURN_TYPE = YES_ERROR;
				GCC_WARN_UNDECLARED_SELECTOR = YES;
				GCC_WARN_UNINITIALIZED_AUTOS = YES_AGGRESSIVE;
				GCC_WARN_UNUSED_FUNCTION = YES;
				GCC_WARN_UNUSED_VARIABLE = YES;
				IPHONEOS_DEPLOYMENT_TARGET = 16.2;
				MTL_ENABLE_DEBUG_INFO = INCLUDE_SOURCE;
				MTL_FAST_MATH = YES;
				ONLY_ACTIVE_ARCH = YES;
				SDKROOT = iphoneos;
				SWIFT_ACTIVE_COMPILATION_CONDITIONS = DEBUG;
				SWIFT_OPTIMIZATION_LEVEL = "-Onone";
			};
			name = Debug;
		};
		DF5647B929CD9142004449F8 /* Release */ = {
			isa = XCBuildConfiguration;
			buildSettings = {
				ALWAYS_SEARCH_USER_PATHS = NO;
				CLANG_ANALYZER_NONNULL = YES;
				CLANG_ANALYZER_NUMBER_OBJECT_CONVERSION = YES_AGGRESSIVE;
				CLANG_CXX_LANGUAGE_STANDARD = "gnu++20";
				CLANG_ENABLE_MODULES = YES;
				CLANG_ENABLE_OBJC_ARC = YES;
				CLANG_ENABLE_OBJC_WEAK = YES;
				CLANG_WARN_BLOCK_CAPTURE_AUTORELEASING = YES;
				CLANG_WARN_BOOL_CONVERSION = YES;
				CLANG_WARN_COMMA = YES;
				CLANG_WARN_CONSTANT_CONVERSION = YES;
				CLANG_WARN_DEPRECATED_OBJC_IMPLEMENTATIONS = YES;
				CLANG_WARN_DIRECT_OBJC_ISA_USAGE = YES_ERROR;
				CLANG_WARN_DOCUMENTATION_COMMENTS = YES;
				CLANG_WARN_EMPTY_BODY = YES;
				CLANG_WARN_ENUM_CONVERSION = YES;
				CLANG_WARN_INFINITE_RECURSION = YES;
				CLANG_WARN_INT_CONVERSION = YES;
				CLANG_WARN_NON_LITERAL_NULL_CONVERSION = YES;
				CLANG_WARN_OBJC_IMPLICIT_RETAIN_SELF = YES;
				CLANG_WARN_OBJC_LITERAL_CONVERSION = YES;
				CLANG_WARN_OBJC_ROOT_CLASS = YES_ERROR;
				CLANG_WARN_QUOTED_INCLUDE_IN_FRAMEWORK_HEADER = YES;
				CLANG_WARN_RANGE_LOOP_ANALYSIS = YES;
				CLANG_WARN_STRICT_PROTOTYPES = YES;
				CLANG_WARN_SUSPICIOUS_MOVE = YES;
				CLANG_WARN_UNGUARDED_AVAILABILITY = YES_AGGRESSIVE;
				CLANG_WARN_UNREACHABLE_CODE = YES;
				CLANG_WARN__DUPLICATE_METHOD_MATCH = YES;
				COPY_PHASE_STRIP = NO;
				DEBUG_INFORMATION_FORMAT = "dwarf-with-dsym";
				ENABLE_NS_ASSERTIONS = NO;
				ENABLE_STRICT_OBJC_MSGSEND = YES;
				GCC_C_LANGUAGE_STANDARD = gnu11;
				GCC_NO_COMMON_BLOCKS = YES;
				GCC_WARN_64_TO_32_BIT_CONVERSION = YES;
				GCC_WARN_ABOUT_RETURN_TYPE = YES_ERROR;
				GCC_WARN_UNDECLARED_SELECTOR = YES;
				GCC_WARN_UNINITIALIZED_AUTOS = YES_AGGRESSIVE;
				GCC_WARN_UNUSED_FUNCTION = YES;
				GCC_WARN_UNUSED_VARIABLE = YES;
				IPHONEOS_DEPLOYMENT_TARGET = 16.2;
				MTL_ENABLE_DEBUG_INFO = NO;
				MTL_FAST_MATH = YES;
				SDKROOT = iphoneos;
				SWIFT_COMPILATION_MODE = wholemodule;
				SWIFT_OPTIMIZATION_LEVEL = "-O";
				VALIDATE_PRODUCT = YES;
			};
			name = Release;
		};
		DF5647BB29CD9142004449F8 /* Debug */ = {
			isa = XCBuildConfiguration;
			buildSettings = {
				ALWAYS_EMBED_SWIFT_STANDARD_LIBRARIES = YES;
				ASSETCATALOG_COMPILER_APPICON_NAME = AppIcon;
				ASSETCATALOG_COMPILER_GLOBAL_ACCENT_COLOR_NAME = AccentColor;
				CODE_SIGN_STYLE = Automatic;
				CURRENT_PROJECT_VERSION = 1;
				DEVELOPMENT_ASSET_PATHS = "\"TipCalculator/Preview Content\"";
				DEVELOPMENT_TEAM = 85B6MDX4ZU;
				ENABLE_PREVIEWS = YES;
				GENERATE_INFOPLIST_FILE = YES;
				INFOPLIST_KEY_UIApplicationSceneManifest_Generation = YES;
				INFOPLIST_KEY_UIApplicationSupportsIndirectInputEvents = YES;
				INFOPLIST_KEY_UILaunchScreen_Generation = YES;
				INFOPLIST_KEY_UISupportedInterfaceOrientations_iPad = "UIInterfaceOrientationPortrait UIInterfaceOrientationPortraitUpsideDown UIInterfaceOrientationLandscapeLeft UIInterfaceOrientationLandscapeRight";
				INFOPLIST_KEY_UISupportedInterfaceOrientations_iPhone = "UIInterfaceOrientationPortrait UIInterfaceOrientationLandscapeLeft UIInterfaceOrientationLandscapeRight";
				LD_RUNPATH_SEARCH_PATHS = (
					"$(inherited)",
					"@executable_path/Frameworks",
				);
				MARKETING_VERSION = 1.0;
				PRODUCT_BUNDLE_IDENTIFIER = com.github.aidenkt.TipCalculator;
				PRODUCT_NAME = "$(TARGET_NAME)";
				SWIFT_EMIT_LOC_STRINGS = YES;
				SWIFT_VERSION = 5.0;
				TARGETED_DEVICE_FAMILY = "1,2";
			};
			name = Debug;
		};
		DF5647BC29CD9142004449F8 /* Release */ = {
			isa = XCBuildConfiguration;
			buildSettings = {
				ALWAYS_EMBED_SWIFT_STANDARD_LIBRARIES = YES;
				ASSETCATALOG_COMPILER_APPICON_NAME = AppIcon;
				ASSETCATALOG_COMPILER_GLOBAL_ACCENT_COLOR_NAME = AccentColor;
				CODE_SIGN_STYLE = Automatic;
				CURRENT_PROJECT_VERSION = 1;
				DEVELOPMENT_ASSET_PATHS = "\"TipCalculator/Preview Content\"";
				DEVELOPMENT_TEAM = 85B6MDX4ZU;
				ENABLE_PREVIEWS = YES;
				GENERATE_INFOPLIST_FILE = YES;
				INFOPLIST_KEY_UIApplicationSceneManifest_Generation = YES;
				INFOPLIST_KEY_UIApplicationSupportsIndirectInputEvents = YES;
				INFOPLIST_KEY_UILaunchScreen_Generation = YES;
				INFOPLIST_KEY_UISupportedInterfaceOrientations_iPad = "UIInterfaceOrientationPortrait UIInterfaceOrientationPortraitUpsideDown UIInterfaceOrientationLandscapeLeft UIInterfaceOrientationLandscapeRight";
				INFOPLIST_KEY_UISupportedInterfaceOrientations_iPhone = "UIInterfaceOrientationPortrait UIInterfaceOrientationLandscapeLeft UIInterfaceOrientationLandscapeRight";
				LD_RUNPATH_SEARCH_PATHS = (
					"$(inherited)",
					"@executable_path/Frameworks",
				);
				MARKETING_VERSION = 1.0;
				PRODUCT_BUNDLE_IDENTIFIER = com.github.aidenkt.TipCalculator;
				PRODUCT_NAME = "$(TARGET_NAME)";
				SWIFT_EMIT_LOC_STRINGS = YES;
				SWIFT_VERSION = 5.0;
				TARGETED_DEVICE_FAMILY = "1,2";
			};
			name = Release;
		};
		DF5647BE29CD9142004449F8 /* Debug */ = {
			isa = XCBuildConfiguration;
			buildSettings = {
				ALWAYS_EMBED_SWIFT_STANDARD_LIBRARIES = YES;
				BUNDLE_LOADER = "$(TEST_HOST)";
				CODE_SIGN_STYLE = Automatic;
				CURRENT_PROJECT_VERSION = 1;
				DEVELOPMENT_TEAM = 85B6MDX4ZU;
				GENERATE_INFOPLIST_FILE = YES;
				IPHONEOS_DEPLOYMENT_TARGET = 16.2;
				MARKETING_VERSION = 1.0;
				PRODUCT_BUNDLE_IDENTIFIER = com.github.aidenkt.TipCalculatorTests;
				PRODUCT_NAME = "$(TARGET_NAME)";
				SWIFT_EMIT_LOC_STRINGS = NO;
				SWIFT_VERSION = 5.0;
				TARGETED_DEVICE_FAMILY = "1,2";
				TEST_HOST = "$(BUILT_PRODUCTS_DIR)/TipCalculator.app/$(BUNDLE_EXECUTABLE_FOLDER_PATH)/TipCalculator";
			};
			name = Debug;
		};
		DF5647BF29CD9142004449F8 /* Release */ = {
			isa = XCBuildConfiguration;
			buildSettings = {
				ALWAYS_EMBED_SWIFT_STANDARD_LIBRARIES = YES;
				BUNDLE_LOADER = "$(TEST_HOST)";
				CODE_SIGN_STYLE = Automatic;
				CURRENT_PROJECT_VERSION = 1;
				DEVELOPMENT_TEAM = 85B6MDX4ZU;
				GENERATE_INFOPLIST_FILE = YES;
				IPHONEOS_DEPLOYMENT_TARGET = 16.2;
				MARKETING_VERSION = 1.0;
				PRODUCT_BUNDLE_IDENTIFIER = com.github.aidenkt.TipCalculatorTests;
				PRODUCT_NAME = "$(TARGET_NAME)";
				SWIFT_EMIT_LOC_STRINGS = NO;
				SWIFT_VERSION = 5.0;
				TARGETED_DEVICE_FAMILY = "1,2";
				TEST_HOST = "$(BUILT_PRODUCTS_DIR)/TipCalculator.app/$(BUNDLE_EXECUTABLE_FOLDER_PATH)/TipCalculator";
			};
			name = Release;
		};
		DF5647C129CD9142004449F8 /* Debug */ = {
			isa = XCBuildConfiguration;
			buildSettings = {
				ALWAYS_EMBED_SWIFT_STANDARD_LIBRARIES = YES;
				CODE_SIGN_STYLE = Automatic;
				CURRENT_PROJECT_VERSION = 1;
				DEVELOPMENT_TEAM = 85B6MDX4ZU;
				GENERATE_INFOPLIST_FILE = YES;
				MARKETING_VERSION = 1.0;
				PRODUCT_BUNDLE_IDENTIFIER = com.github.aidenkt.TipCalculatorUITests;
				PRODUCT_NAME = "$(TARGET_NAME)";
				SWIFT_EMIT_LOC_STRINGS = NO;
				SWIFT_VERSION = 5.0;
				TARGETED_DEVICE_FAMILY = "1,2";
				TEST_TARGET_NAME = TipCalculator;
			};
			name = Debug;
		};
		DF5647C229CD9142004449F8 /* Release */ = {
			isa = XCBuildConfiguration;
			buildSettings = {
				ALWAYS_EMBED_SWIFT_STANDARD_LIBRARIES = YES;
				CODE_SIGN_STYLE = Automatic;
				CURRENT_PROJECT_VERSION = 1;
				DEVELOPMENT_TEAM = 85B6MDX4ZU;
				GENERATE_INFOPLIST_FILE = YES;
				MARKETING_VERSION = 1.0;
				PRODUCT_BUNDLE_IDENTIFIER = com.github.aidenkt.TipCalculatorUITests;
				PRODUCT_NAME = "$(TARGET_NAME)";
				SWIFT_EMIT_LOC_STRINGS = NO;
				SWIFT_VERSION = 5.0;
				TARGETED_DEVICE_FAMILY = "1,2";
				TEST_TARGET_NAME = TipCalculator;
			};
			name = Release;
		};
		DF5647DB29CE48A1004449F8 /* Debug */ = {
			isa = XCBuildConfiguration;
			buildSettings = {
				ASSETCATALOG_COMPILER_GLOBAL_ACCENT_COLOR_NAME = AccentColor;
				ASSETCATALOG_COMPILER_WIDGET_BACKGROUND_COLOR_NAME = WidgetBackground;
				CODE_SIGN_STYLE = Automatic;
				CURRENT_PROJECT_VERSION = 1;
				DEVELOPMENT_TEAM = 85B6MDX4ZU;
				GENERATE_INFOPLIST_FILE = YES;
				INFOPLIST_FILE = LatestTip/Info.plist;
				INFOPLIST_KEY_CFBundleDisplayName = LatestTip;
				INFOPLIST_KEY_NSHumanReadableCopyright = "";
				LD_RUNPATH_SEARCH_PATHS = (
					"$(inherited)",
					"@executable_path/Frameworks",
					"@executable_path/../../Frameworks",
				);
				MARKETING_VERSION = 1.0;
				PRODUCT_BUNDLE_IDENTIFIER = com.github.aidenkt.TipCalculator.LatestTip;
				PRODUCT_NAME = "$(TARGET_NAME)";
				SKIP_INSTALL = YES;
				SWIFT_EMIT_LOC_STRINGS = YES;
				SWIFT_VERSION = 5.0;
				TARGETED_DEVICE_FAMILY = "1,2";
			};
			name = Debug;
		};
		DF5647DC29CE48A1004449F8 /* Release */ = {
			isa = XCBuildConfiguration;
			buildSettings = {
				ASSETCATALOG_COMPILER_GLOBAL_ACCENT_COLOR_NAME = AccentColor;
				ASSETCATALOG_COMPILER_WIDGET_BACKGROUND_COLOR_NAME = WidgetBackground;
				CODE_SIGN_STYLE = Automatic;
				CURRENT_PROJECT_VERSION = 1;
				DEVELOPMENT_TEAM = 85B6MDX4ZU;
				GENERATE_INFOPLIST_FILE = YES;
				INFOPLIST_FILE = LatestTip/Info.plist;
				INFOPLIST_KEY_CFBundleDisplayName = LatestTip;
				INFOPLIST_KEY_NSHumanReadableCopyright = "";
				LD_RUNPATH_SEARCH_PATHS = (
					"$(inherited)",
					"@executable_path/Frameworks",
					"@executable_path/../../Frameworks",
				);
				MARKETING_VERSION = 1.0;
				PRODUCT_BUNDLE_IDENTIFIER = com.github.aidenkt.TipCalculator.LatestTip;
				PRODUCT_NAME = "$(TARGET_NAME)";
				SKIP_INSTALL = YES;
				SWIFT_EMIT_LOC_STRINGS = YES;
				SWIFT_VERSION = 5.0;
				TARGETED_DEVICE_FAMILY = "1,2";
			};
			name = Release;
		};
/* End XCBuildConfiguration section */

/* Begin XCConfigurationList section */
		DF56479129CD9140004449F8 /* Build configuration list for PBXProject "TipCalculator" */ = {
			isa = XCConfigurationList;
			buildConfigurations = (
				DF5647B829CD9142004449F8 /* Debug */,
				DF5647B929CD9142004449F8 /* Release */,
			);
			defaultConfigurationIsVisible = 0;
			defaultConfigurationName = Release;
		};
		DF5647BA29CD9142004449F8 /* Build configuration list for PBXNativeTarget "TipCalculator" */ = {
			isa = XCConfigurationList;
			buildConfigurations = (
				DF5647BB29CD9142004449F8 /* Debug */,
				DF5647BC29CD9142004449F8 /* Release */,
			);
			defaultConfigurationIsVisible = 0;
			defaultConfigurationName = Release;
		};
		DF5647BD29CD9142004449F8 /* Build configuration list for PBXNativeTarget "TipCalculatorTests" */ = {
			isa = XCConfigurationList;
			buildConfigurations = (
				DF5647BE29CD9142004449F8 /* Debug */,
				DF5647BF29CD9142004449F8 /* Release */,
			);
			defaultConfigurationIsVisible = 0;
			defaultConfigurationName = Release;
		};
		DF5647C029CD9142004449F8 /* Build configuration list for PBXNativeTarget "TipCalculatorUITests" */ = {
			isa = XCConfigurationList;
			buildConfigurations = (
				DF5647C129CD9142004449F8 /* Debug */,
				DF5647C229CD9142004449F8 /* Release */,
			);
			defaultConfigurationIsVisible = 0;
			defaultConfigurationName = Release;
		};
		DF5647DD29CE48A1004449F8 /* Build configuration list for PBXNativeTarget "LatestTipExtension" */ = {
			isa = XCConfigurationList;
			buildConfigurations = (
				DF5647DB29CE48A1004449F8 /* Debug */,
				DF5647DC29CE48A1004449F8 /* Release */,
			);
			defaultConfigurationIsVisible = 0;
			defaultConfigurationName = Release;
		};
/* End XCConfigurationList section */
	};
	rootObject = DF56478E29CD9140004449F8 /* Project object */;
}
